version: 1.0
shards:
  ameba:
    github: crystal-ameba/ameba
    version: 0.11.0

  bindata:
    github: spider-gazelle/bindata
    version: 1.2.0

  clicr:
    github: j8r/clicr
    version: 0.7.0

  con:
    github: j8r/con
    version: 0.2.2

  cossack:
    github: crystal-community/cossack
    version: 0.1.4

  db:
    github: crystal-lang/crystal-db
    version: 0.8.0

  dppm:
    github: DFabric/dppm
    commit: ab6e4c1c44b14590028ebb0bd1ccbdaf7840427d

  dynany:
    github: j8r/dynany
    version: 0.2.2

  exception_page:
    github: crystal-loot/exception_page
    version: 0.1.2

  exec:
    github: j8r/exec.cr
    version: 0.4.1

  inotify:
    github: petoem/inotify.cr
    version: 1.0.1

  jwt:
    github: crystal-community/jwt
    version: 1.4.0

  kemal:
    github: kemalcr/kemal
    version: 0.26.1

  kemal_jwt_auth:
    github: dscottboggs/kemal-jwt-auth
    version: 1.0.1

  kilt:
    github: jeromegn/kilt
    version: 0.4.0

  libcrown:
    github: j8r/libcrown
    version: 0.3.0

  mysql:
    github: crystal-lang/crystal-mysql
    version: 0.10.0

  openssl_ext:
    github: stakach/openssl_ext
    version: 1.2.0

  radix:
    github: luislavena/radix
    version: 0.3.9

  scrypt:
    github: ysbaddaden/scrypt-crystal
    version: 0.3.1

  semantic_compare:
    github: j8r/semantic_compare
    version: 0.5.0

  spec-kemal:
    github: kemalcr/spec-kemal
    version: 0.5.0

  tail:
    github: j8r/tail.cr
    version: 0.3.0

