version: 1.0
shards:
  ameba:
    github: veelenga/ameba
    version: 0.9.1

  clicr:
    github: j8r/clicr
    version: 0.5.1

  con:
    github: j8r/con
    commit: 2000932bd51135fd4f6e60ff2bb89105cf101b81

  cossack:
    github: crystal-community/cossack
    version: 0.1.4

  db:
    github: crystal-lang/crystal-db
    version: 0.5.1

  dppm:
    github: DFabric/dppm
    commit: 25863bf5c9736f777ae8ed1f07fe5bd87cd882e1

  dynany:
    github: j8r/dynany
    version: 0.2.1

  exception_page:
    github: crystal-loot/exception_page
    version: 0.1.2

  exec:
    github: j8r/exec.cr
    version: 0.4.0

  inotify:
    github: petoem/inotify.cr
    version: 1.0.0

  jwt:
    github: crystal-community/jwt
    version: 0.4.0

  kemal:
    github: kemalcr/kemal
    version: 0.25.2

  kemal_jwt_auth:
    github: dscottboggs/kemal-jwt-auth
    commit: 8feb01b84aa3a1fd51c8fe1cc5ce04fe61a10ce5

  kilt:
    github: jeromegn/kilt
    version: 0.4.0

  libcrown:
    github: j8r/libcrown
    version: 0.1.1

  mysql:
    github: crystal-lang/crystal-mysql
    version: 0.6.0

  radix:
    github: luislavena/radix
    version: 0.3.9

  scrypt:
    github: ysbaddaden/scrypt-crystal
    version: 0.2.2

  semantic_compare:
    github: j8r/semantic_compare
    version: 0.4.0

  spec-kemal:
    github: kemalcr/spec-kemal
    commit: 64b89c719234ceb92c0a14762dce3afc6257fffc

  tail:
    github: j8r/tail
    version: 0.2.2

