version: 2.0
shards:
  ameba:
    git: https://github.com/crystal-ameba/ameba.git
    version: 0.13.0

  bindata:
    git: https://github.com/spider-gazelle/bindata.git
    version: 1.5.6

  clicr:
    git: https://github.com/j8r/clicr.git
    version: 0.7.0

  con:
    git: https://github.com/j8r/con.git
    version: 0.2.2

  db:
    git: https://github.com/crystal-lang/crystal-db.git
    version: 0.9.0

  dppm:
    git: https://github.com/DFabric/dppm.git
    version: 0.0.1+git.commit.4a1bc37bc6872377dbc36759a4d46e84ec35bbb5

  dynany:
    git: https://github.com/j8r/dynany.git
    version: 0.2.2

  exception_page:
    git: https://github.com/crystal-loot/exception_page.git
    version: 0.1.4

  exec:
    git: https://github.com/j8r/exec.cr.git
    version: 0.4.1

  inotify:
    git: https://github.com/petoem/inotify.cr.git
    version: 1.0.2+git.commit.4dffddb30533814b520a1412a9501c3c3ac8ff27

  jwt:
    git: https://github.com/crystal-community/jwt.git
    version: 1.4.2

  kemal:
    git: https://github.com/kemalcr/kemal.git
    version: 0.26.1+git.commit.dfe7dca08f4c9a9456d6132af5f6b59fcd6865e4

  kilt:
    git: https://github.com/jeromegn/kilt.git
    version: 0.4.0

  libcrown:
    git: https://github.com/j8r/libcrown.git
    version: 0.3.0

  mysql:
    git: https://github.com/crystal-lang/crystal-mysql.git
    version: 0.11.2

  openssl_ext:
    git: https://github.com/stakach/openssl_ext.git
    version: 1.2.2

  radix:
    git: https://github.com/luislavena/radix.git
    version: 0.3.9

  scrypt:
    git: https://github.com/ysbaddaden/scrypt-crystal.git
    version: 0.3.1

  semantic_compare:
    git: https://github.com/j8r/semantic_compare.git
    version: 0.5.1

  spec-kemal:
    git: https://github.com/kemalcr/spec-kemal.git
    version: 0.5.0

  tail:
    git: https://github.com/j8r/tail.cr.git
    version: 0.3.1

